
Microsoft Visual Studio Solution File, Format Version 12.00
# Visual Studio Version 17
VisualStudioVersion = 17.7.34024.191
MinimumVisualStudioVersion = 10.0.40219.1
Project("{9A19103F-16F7-4668-BE54-9A1E7A4F7556}") = "FileService", "src\FileService\FileService.csproj", "{0C94504B-BC57-46F0-8AA8-2A31BE7275D7}"
EndProject
Project("{FAE04EC0-301F-11D3-BF4B-00C04F79EFBC}") = "Migrator", "src\Migrator\Migrator.csproj", "{5F07BD49-812A-45CA-97E6-901F44D70186}"
EndProject
Global
	GlobalSection(SolutionConfigurationPlatforms) = preSolution
		Debug|Any CPU = Debug|Any CPU
		Release|Any CPU = Release|Any CPU
	EndGlobalSection
	GlobalSection(ProjectConfigurationPlatforms) = postSolution
		{0C94504B-BC57-46F0-8AA8-2A31BE7275D7}.Debug|Any CPU.ActiveCfg = Debug|Any CPU
		{0C94504B-BC57-46F0-8AA8-2A31BE7275D7}.Debug|Any CPU.Build.0 = Debug|Any CPU
		{0C94504B-BC57-46F0-8AA8-2A31BE7275D7}.Release|Any CPU.ActiveCfg = Release|Any CPU
		{0C94504B-BC57-46F0-8AA8-2A31BE7275D7}.Release|Any CPU.Build.0 = Release|Any CPU
		{5F07BD49-812A-45CA-97E6-901F44D70186}.Debug|Any CPU.ActiveCfg = Debug|Any CPU
		{5F07BD49-812A-45CA-97E6-901F44D70186}.Debug|Any CPU.Build.0 = Debug|Any CPU
		{5F07BD49-812A-45CA-97E6-901F44D70186}.Release|Any CPU.ActiveCfg = Release|Any CPU
		{5F07BD49-812A-45CA-97E6-901F44D70186}.Release|Any CPU.Build.0 = Release|Any CPU
	EndGlobalSection
	GlobalSection(SolutionProperties) = preSolution
		HideSolutionNode = FALSE
	EndGlobalSection
	GlobalSection(ExtensibilityGlobals) = postSolution
		SolutionGuid = {E3C60042-1A39-4844-BE57-DEC3C40ED2A9}
	EndGlobalSection
EndGlobal
